
Microsoft Visual Studio Solution File, Format Version 12.00
# Visual Studio Version 17
VisualStudioVersion = 17.3.32929.385
MinimumVisualStudioVersion = 10.0.40219.1
Project("{FAE04EC0-301F-11D3-BF4B-00C04F79EFBC}") = "lemeC.API", "lemeC.API\lemeC.API.csproj", "{4D3C948E-74A0-449B-BB40-5C798B77015C}"
EndProject
Global
	GlobalSection(SolutionConfigurationPlatforms) = preSolution
		Debug|Any CPU = Debug|Any CPU
		Release|Any CPU = Release|Any CPU
	EndGlobalSection
	GlobalSection(ProjectConfigurationPlatforms) = postSolution
		{4D3C948E-74A0-449B-BB40-5C798B77015C}.Debug|Any CPU.ActiveCfg = Debug|Any CPU
		{4D3C948E-74A0-449B-BB40-5C798B77015C}.Debug|Any CPU.Build.0 = Debug|Any CPU
		{4D3C948E-74A0-449B-BB40-5C798B77015C}.Release|Any CPU.ActiveCfg = Release|Any CPU
		{4D3C948E-74A0-449B-BB40-5C798B77015C}.Release|Any CPU.Build.0 = Release|Any CPU
	EndGlobalSection
	GlobalSection(SolutionProperties) = preSolution
		HideSolutionNode = FALSE
	EndGlobalSection
	GlobalSection(ExtensibilityGlobals) = postSolution
		SolutionGuid = {D9AE3E88-AAC1-4803-A7AD-747CE847BC28}
	EndGlobalSection
EndGlobal
